// !$*UTF8*$!
{
	archiveVersion = 1;
	classes = {
	};
	objectVersion = 110;
	objects = {

/* Begin PBXCopyFilesBuildPhase section */
		965EB4C73006808700EA7BCB /* CopyFiles */ = {
			isa = PBXCopyFilesBuildPhase;
			dstPath = /usr/share/man/man1/;
			dstSubfolder = None;
			files = (
			);
			runOnlyForDeploymentPostprocessing = 1;
		};
/* End PBXCopyFilesBuildPhase section */

/* Begin PBXFileReference section */
		965EB4C93006808700EA7BCB /* Programmers */ = {isa = PBXFileReference; explicitFileType = "compiled.mach-o.executable"; includeInIndex = 0; path = Programmers; sourceTree = BUILT_PRODUCTS_DIR; };
		965EB4D7300680B800EA7BCB /* P12903.xctest */ = {isa = PBXFileReference; explicitFileType = wrapper.cfbundle; includeInIndex = 0; path = P12903.xctest; sourceTree = BUILT_PRODUCTS_DIR; };
		965EB4E230075B0C00EA7BCB /* P12909.xctest */ = {isa = PBXFileReference; explicitFileType = wrapper.cfbundle; includeInIndex = 0; path = P12909.xctest; sourceTree = BUILT_PRODUCTS_DIR; };
		965EB4F33007675300EA7BCB /* P468371.xctest */ = {isa = PBXFileReference; explicitFileType = wrapper.cfbundle; includeInIndex = 0; path = P468371.xctest; sourceTree = BUILT_PRODUCTS_DIR; };
		965EB4FE3008CE5200EA7BCB /* P12940.xctest */ = {isa = PBXFileReference; explicitFileType = wrapper.cfbundle; includeInIndex = 0; path = P12940.xctest; sourceTree = BUILT_PRODUCTS_DIR; };
/* End PBXFileReference section */

/* Begin PBXFileSystemSynchronizedBuildFileExceptionSet section */
		965EB5063008D61D00EA7BCB /* Exceptions for "Programmers" folder in "P12903" target */ = {
			isa = PBXFileSystemSynchronizedBuildFileExceptionSet;
			membershipExceptions = (
				main.swift,
			);
			target = 965EB4D6300680B800EA7BCB /* P12903 */;
		};
/* End PBXFileSystemSynchronizedBuildFileExceptionSet section */

/* Begin PBXFileSystemSynchronizedRootGroup section */
		965EB4CB3006808700EA7BCB /* Programmers */ = {
			isa = PBXFileSystemSynchronizedRootGroup;
			exceptions = (
				965EB5063008D61D00EA7BCB /* Exceptions for "Programmers" folder in "P12903" target */,
			);
			path = Programmers;
			sourceTree = "<group>";
		};
		965EB4D8300680B800EA7BCB /* P12903 */ = {
			isa = PBXFileSystemSynchronizedRootGroup;
			path = P12903;
			sourceTree = "<group>";
		};
		965EB4E330075B0C00EA7BCB /* P12909 */ = {
			isa = PBXFileSystemSynchronizedRootGroup;
			path = P12909;
			sourceTree = "<group>";
		};
		965EB4F43007675300EA7BCB /* P468371 */ = {
			isa = PBXFileSystemSynchronizedRootGroup;
			path = P468371;
			sourceTree = "<group>";
		};
		965EB4FF3008CE5200EA7BCB /* P12940 */ = {
			isa = PBXFileSystemSynchronizedRootGroup;
			path = P12940;
			sourceTree = "<group>";
		};
/* End PBXFileSystemSynchronizedRootGroup section */

/* Begin PBXFrameworksBuildPhase section */
		965EB4C63006808700EA7BCB /* Frameworks */ = {
			isa = PBXFrameworksBuildPhase;
			files = (
			);
		};
		965EB4D4300680B800EA7BCB /* Frameworks */ = {
			isa = PBXFrameworksBuildPhase;
			files = (
			);
		};
		965EB4DF30075B0C00EA7BCB /* Frameworks */ = {
			isa = PBXFrameworksBuildPhase;
			files = (
			);
		};
		965EB4F03007675300EA7BCB /* Frameworks */ = {
			isa = PBXFrameworksBuildPhase;
			files = (
			);
		};
		965EB4FB3008CE5200EA7BCB /* Frameworks */ = {
			isa = PBXFrameworksBuildPhase;
			files = (
			);
		};
/* End PBXFrameworksBuildPhase section */

/* Begin PBXGroup section */
		965EB4C03006808700EA7BCB = {
			isa = PBXGroup;
			children = (
				965EB4CB3006808700EA7BCB /* Programmers */,
				965EB4D8300680B800EA7BCB /* P12903 */,
				965EB4E330075B0C00EA7BCB /* P12909 */,
				965EB4F43007675300EA7BCB /* P468371 */,
				965EB4FF3008CE5200EA7BCB /* P12940 */,
				965EB4CA3006808700EA7BCB /* Products */,
			);
			sourceTree = "<group>";
		};
		965EB4CA3006808700EA7BCB /* Products */ = {
			isa = PBXGroup;
			children = (
				965EB4C93006808700EA7BCB /* Programmers */,
				965EB4D7300680B800EA7BCB /* P12903.xctest */,
				965EB4E230075B0C00EA7BCB /* P12909.xctest */,
				965EB4F33007675300EA7BCB /* P468371.xctest */,
				965EB4FE3008CE5200EA7BCB /* P12940.xctest */,
			);
			name = Products;
			sourceTree = "<group>";
		};
/* End PBXGroup section */

/* Begin PBXNativeTarget section */
		965EB4C83006808700EA7BCB /* Programmers */ = {
			isa = PBXNativeTarget;
			buildConfigurationList = 965EB4D03006808700EA7BCB /* Build configuration list for PBXNativeTarget "Programmers" */;
			buildPhases = (
				965EB4C53006808700EA7BCB /* Sources */,
				965EB4C63006808700EA7BCB /* Frameworks */,
				965EB4C73006808700EA7BCB /* CopyFiles */,
			);
			buildRules = (
			);
			fileSystemSynchronizedGroups = (
				965EB4CB3006808700EA7BCB /* Programmers */,
			);
			name = Programmers;
			productName = Programmers;
			productReference = 965EB4C93006808700EA7BCB /* Programmers */;
			productType = "com.apple.product-type.tool";
		};
		965EB4D6300680B800EA7BCB /* P12903 */ = {
			isa = PBXNativeTarget;
			buildConfigurationList = 965EB4DB300680B800EA7BCB /* Build configuration list for PBXNativeTarget "P12903" */;
			buildPhases = (
				965EB4D3300680B800EA7BCB /* Sources */,
				965EB4D4300680B800EA7BCB /* Frameworks */,
				965EB4D5300680B800EA7BCB /* Resources */,
			);
			buildRules = (
			);
			fileSystemSynchronizedGroups = (
				965EB4D8300680B800EA7BCB /* P12903 */,
			);
			name = P12903;
			productName = P12903;
			productReference = 965EB4D7300680B800EA7BCB /* P12903.xctest */;
			productType = "com.apple.product-type.bundle.unit-test";
		};
		965EB4E130075B0C00EA7BCB /* P12909 */ = {
			isa = PBXNativeTarget;
			buildConfigurationList = 965EB4E630075B0D00EA7BCB /* Build configuration list for PBXNativeTarget "P12909" */;
			buildPhases = (
				965EB4DE30075B0C00EA7BCB /* Sources */,
				965EB4DF30075B0C00EA7BCB /* Frameworks */,
				965EB4E030075B0C00EA7BCB /* Resources */,
			);
			buildRules = (
			);
			fileSystemSynchronizedGroups = (
				965EB4E330075B0C00EA7BCB /* P12909 */,
			);
			name = P12909;
			productName = P12909;
			productReference = 965EB4E230075B0C00EA7BCB /* P12909.xctest */;
			productType = "com.apple.product-type.bundle.unit-test";
		};
		965EB4F23007675300EA7BCB /* P468371 */ = {
			isa = PBXNativeTarget;
			buildConfigurationList = 965EB4F93007675300EA7BCB /* Build configuration list for PBXNativeTarget "P468371" */;
			buildPhases = (
				965EB4EF3007675300EA7BCB /* Sources */,
				965EB4F03007675300EA7BCB /* Frameworks */,
				965EB4F13007675300EA7BCB /* Resources */,
			);
			buildRules = (
			);
			fileSystemSynchronizedGroups = (
				965EB4F43007675300EA7BCB /* P468371 */,
			);
			name = P468371;
			productName = P468371;
			productReference = 965EB4F33007675300EA7BCB /* P468371.xctest */;
			productType = "com.apple.product-type.bundle.unit-test";
		};
		965EB4FD3008CE5200EA7BCB /* P12940 */ = {
			isa = PBXNativeTarget;
			buildConfigurationList = 965EB5023008CE5200EA7BCB /* Build configuration list for PBXNativeTarget "P12940" */;
			buildPhases = (
				965EB4FA3008CE5200EA7BCB /* Sources */,
				965EB4FB3008CE5200EA7BCB /* Frameworks */,
				965EB4FC3008CE5200EA7BCB /* Resources */,
			);
			buildRules = (
			);
			fileSystemSynchronizedGroups = (
				965EB4FF3008CE5200EA7BCB /* P12940 */,
			);
			name = P12940;
			productName = P12940;
			productReference = 965EB4FE3008CE5200EA7BCB /* P12940.xctest */;
			productType = "com.apple.product-type.bundle.unit-test";
		};
/* End PBXNativeTarget section */

/* Begin PBXProject section */
		965EB4C13006808700EA7BCB /* Project object */ = {
			isa = PBXProject;
			attributes = {
				BuildIndependentTargetsInParallel = 1;
				LastSwiftUpdateCheck = 2700;
				LastUpgradeCheck = 2700;
				TargetAttributes = {
					965EB4C83006808700EA7BCB = {
						CreatedOnToolsVersion = 27.0;
					};
					965EB4D6300680B800EA7BCB = {
						CreatedOnToolsVersion = 27.0;
					};
					965EB4E130075B0C00EA7BCB = {
						CreatedOnToolsVersion = 27.0;
					};
					965EB4F23007675300EA7BCB = {
						CreatedOnToolsVersion = 27.0;
					};
					965EB4FD3008CE5200EA7BCB = {
						CreatedOnToolsVersion = 27.0;
					};
				};
			};
			buildConfigurationList = 965EB4C43006808700EA7BCB /* Build configuration list for PBXProject "Programmers" */;
			developmentRegion = en;
			hasScannedForEncodings = 0;
			knownRegions = (
				en,
				Base,
			);
			mainGroup = 965EB4C03006808700EA7BCB;
			minimizedProjectReferenceProxies = 1;
			preferredProjectObjectVersion = 77;
			productRefGroup = 965EB4CA3006808700EA7BCB /* Products */;
			projectDirPath = "";
			projectRoot = "";
			targets = (
				965EB4C83006808700EA7BCB /* Programmers */,
				965EB4D6300680B800EA7BCB /* P12903 */,
				965EB4E130075B0C00EA7BCB /* P12909 */,
				965EB4F23007675300EA7BCB /* P468371 */,
				965EB4FD3008CE5200EA7BCB /* P12940 */,
			);
		};
/* End PBXProject section */

/* Begin PBXResourcesBuildPhase section */
		965EB4D5300680B800EA7BCB /* Resources */ = {
			isa = PBXResourcesBuildPhase;
			files = (
			);
		};
		965EB4E030075B0C00EA7BCB /* Resources */ = {
			isa = PBXResourcesBuildPhase;
			files = (
			);
		};
		965EB4F13007675300EA7BCB /* Resources */ = {
			isa = PBXResourcesBuildPhase;
			files = (
			);
		};
		965EB4FC3008CE5200EA7BCB /* Resources */ = {
			isa = PBXResourcesBuildPhase;
			files = (
			);
		};
/* End PBXResourcesBuildPhase section */

/* Begin PBXSourcesBuildPhase section */
		965EB4C53006808700EA7BCB /* Sources */ = {
			isa = PBXSourcesBuildPhase;
			files = (
			);
		};
		965EB4D3300680B800EA7BCB /* Sources */ = {
			isa = PBXSourcesBuildPhase;
			files = (
			);
		};
		965EB4DE30075B0C00EA7BCB /* Sources */ = {
			isa = PBXSourcesBuildPhase;
			files = (
			);
		};
		965EB4EF3007675300EA7BCB /* Sources */ = {
			isa = PBXSourcesBuildPhase;
			files = (
			);
		};
		965EB4FA3008CE5200EA7BCB /* Sources */ = {
			isa = PBXSourcesBuildPhase;
			files = (
			);
		};
/* End PBXSourcesBuildPhase section */

/* Begin XCBuildConfiguration section */
		965EB4CE3006808700EA7BCB /* Debug configuration for PBXProject "Programmers" */ = {
			isa = XCBuildConfiguration;
			buildSettings = {
				ALWAYS_SEARCH_USER_PATHS = NO;
				ASSETCATALOG_COMPILER_GENERATE_SWIFT_ASSET_SYMBOL_EXTENSIONS = YES;
				CLANG_ANALYZER_NONNULL = YES;
				CLANG_ANALYZER_NUMBER_OBJECT_CONVERSION = YES_AGGRESSIVE;
				CLANG_CXX_LANGUAGE_STANDARD = "gnu++20";
				CLANG_ENABLE_MODULES = YES;
				CLANG_ENABLE_OBJC_ARC = YES;
				CLANG_ENABLE_OBJC_WEAK = YES;
				CLANG_WARN_BLOCK_CAPTURE_AUTORELEASING = YES;
				CLANG_WARN_BOOL_CONVERSION = YES;
				CLANG_WARN_COMMA = YES;
				CLANG_WARN_CONSTANT_CONVERSION = YES;
				CLANG_WARN_DEPRECATED_OBJC_IMPLEMENTATIONS = YES;
				CLANG_WARN_DIRECT_OBJC_ISA_USAGE = YES_ERROR;
				CLANG_WARN_DOCUMENTATION_COMMENTS = YES;
				CLANG_WARN_EMPTY_BODY = YES;
				CLANG_WARN_ENUM_CONVERSION = YES;
				CLANG_WARN_INFINITE_RECURSION = YES;
				CLANG_WARN_INT_CONVERSION = YES;
				CLANG_WARN_NON_LITERAL_NULL_CONVERSION = YES;
				CLANG_WARN_OBJC_IMPLICIT_RETAIN_SELF = YES;
				CLANG_WARN_OBJC_LITERAL_CONVERSION = YES;
				CLANG_WARN_OBJC_ROOT_CLASS = YES_ERROR;
				CLANG_WARN_QUOTED_INCLUDE_IN_FRAMEWORK_HEADER = YES;
				CLANG_WARN_RANGE_LOOP_ANALYSIS = YES;
				CLANG_WARN_STRICT_PROTOTYPES = YES;
				CLANG_WARN_SUSPICIOUS_MOVE = YES;
				CLANG_WARN_UNGUARDED_AVAILABILITY = YES_AGGRESSIVE;
				CLANG_WARN_UNREACHABLE_CODE = YES;
				CLANG_WARN__DUPLICATE_METHOD_MATCH = YES;
				COPY_PHASE_STRIP = NO;
				DEBUG_INFORMATION_FORMAT = dwarf;
				DEVELOPMENT_TEAM = 6G4QV27Y5P;
				ENABLE_STRICT_OBJC_MSGSEND = YES;
				ENABLE_TESTABILITY = YES;
				ENABLE_USER_SCRIPT_SANDBOXING = YES;
				GCC_C_LANGUAGE_STANDARD = gnu17;
				GCC_DYNAMIC_NO_PIC = NO;
				GCC_NO_COMMON_BLOCKS = YES;
				GCC_OPTIMIZATION_LEVEL = 0;
				GCC_PREPROCESSOR_DEFINITIONS = (
					"DEBUG=1",
					"$(inherited)",
				);
				GCC_WARN_64_TO_32_BIT_CONVERSION = YES;
				GCC_WARN_ABOUT_RETURN_TYPE = YES_ERROR;
				GCC_WARN_UNDECLARED_SELECTOR = YES;
				GCC_WARN_UNINITIALIZED_AUTOS = YES_AGGRESSIVE;
				GCC_WARN_UNUSED_FUNCTION = YES;
				GCC_WARN_UNUSED_VARIABLE = YES;
				LOCALIZATION_PREFERS_STRING_CATALOGS = YES;
				MACOSX_DEPLOYMENT_TARGET = 27.0;
				MTL_ENABLE_DEBUG_INFO = INCLUDE_SOURCE;
				MTL_FAST_MATH = YES;
				ONLY_ACTIVE_ARCH = YES;
				SDKROOT = macosx;
				SWIFT_ACTIVE_COMPILATION_CONDITIONS = "DEBUG $(inherited)";
				SWIFT_OPTIMIZATION_LEVEL = "-Onone";
			};
			name = Debug;
		};
		965EB4CF3006808700EA7BCB /* Release configuration for PBXProject "Programmers" */ = {
			isa = XCBuildConfiguration;
			buildSettings = {
				ALWAYS_SEARCH_USER_PATHS = NO;
				ASSETCATALOG_COMPILER_GENERATE_SWIFT_ASSET_SYMBOL_EXTENSIONS = YES;
				CLANG_ANALYZER_NONNULL = YES;
				CLANG_ANALYZER_NUMBER_OBJECT_CONVERSION = YES_AGGRESSIVE;
				CLANG_CXX_LANGUAGE_STANDARD = "gnu++20";
				CLANG_ENABLE_MODULES = YES;
				CLANG_ENABLE_OBJC_ARC = YES;
				CLANG_ENABLE_OBJC_WEAK = YES;
				CLANG_WARN_BLOCK_CAPTURE_AUTORELEASING = YES;
				CLANG_WARN_BOOL_CONVERSION = YES;
				CLANG_WARN_COMMA = YES;
				CLANG_WARN_CONSTANT_CONVERSION = YES;
				CLANG_WARN_DEPRECATED_OBJC_IMPLEMENTATIONS = YES;
				CLANG_WARN_DIRECT_OBJC_ISA_USAGE = YES_ERROR;
				CLANG_WARN_DOCUMENTATION_COMMENTS = YES;
				CLANG_WARN_EMPTY_BODY = YES;
				CLANG_WARN_ENUM_CONVERSION = YES;
				CLANG_WARN_INFINITE_RECURSION = YES;
				CLANG_WARN_INT_CONVERSION = YES;
				CLANG_WARN_NON_LITERAL_NULL_CONVERSION = YES;
				CLANG_WARN_OBJC_IMPLICIT_RETAIN_SELF = YES;
				CLANG_WARN_OBJC_LITERAL_CONVERSION = YES;
				CLANG_WARN_OBJC_ROOT_CLASS = YES_ERROR;
				CLANG_WARN_QUOTED_INCLUDE_IN_FRAMEWORK_HEADER = YES;
				CLANG_WARN_RANGE_LOOP_ANALYSIS = YES;
				CLANG_WARN_STRICT_PROTOTYPES = YES;
				CLANG_WARN_SUSPICIOUS_MOVE = YES;
				CLANG_WARN_UNGUARDED_AVAILABILITY = YES_AGGRESSIVE;
				CLANG_WARN_UNREACHABLE_CODE = YES;
				CLANG_WARN__DUPLICATE_METHOD_MATCH = YES;
				COPY_PHASE_STRIP = NO;
				DEBUG_INFORMATION_FORMAT = "dwarf-with-dsym";
				DEVELOPMENT_TEAM = 6G4QV27Y5P;
				ENABLE_NS_ASSERTIONS = NO;
				ENABLE_STRICT_OBJC_MSGSEND = YES;
				ENABLE_USER_SCRIPT_SANDBOXING = YES;
				GCC_C_LANGUAGE_STANDARD = gnu17;
				GCC_NO_COMMON_BLOCKS = YES;
				GCC_WARN_64_TO_32_BIT_CONVERSION = YES;
				GCC_WARN_ABOUT_RETURN_TYPE = YES_ERROR;
				GCC_WARN_UNDECLARED_SELECTOR = YES;
				GCC_WARN_UNINITIALIZED_AUTOS = YES_AGGRESSIVE;
				GCC_WARN_UNUSED_FUNCTION = YES;
				GCC_WARN_UNUSED_VARIABLE = YES;
				LOCALIZATION_PREFERS_STRING_CATALOGS = YES;
				MACOSX_DEPLOYMENT_TARGET = 27.0;
				MTL_ENABLE_DEBUG_INFO = NO;
				MTL_FAST_MATH = YES;
				SDKROOT = macosx;
				SWIFT_COMPILATION_MODE = wholemodule;
			};
			name = Release;
		};
		965EB4D13006808700EA7BCB /* Debug configuration for PBXNativeTarget "Programmers" */ = {
			isa = XCBuildConfiguration;
			buildSettings = {
				CODE_SIGN_STYLE = Automatic;
				DEVELOPMENT_TEAM = 6G4QV27Y5P;
				ENABLE_HARDENED_RUNTIME = YES;
				PRODUCT_NAME = "$(TARGET_NAME)";
				SWIFT_APPROACHABLE_CONCURRENCY = YES;
				SWIFT_UPCOMING_FEATURE_MEMBER_IMPORT_VISIBILITY = YES;
				SWIFT_VERSION = 5.0;
			};
			name = Debug;
		};
		965EB4D23006808700EA7BCB /* Release configuration for PBXNativeTarget "Programmers" */ = {
			isa = XCBuildConfiguration;
			buildSettings = {
				CODE_SIGN_STYLE = Automatic;
				DEVELOPMENT_TEAM = 6G4QV27Y5P;
				ENABLE_HARDENED_RUNTIME = YES;
				PRODUCT_NAME = "$(TARGET_NAME)";
				SWIFT_APPROACHABLE_CONCURRENCY = YES;
				SWIFT_UPCOMING_FEATURE_MEMBER_IMPORT_VISIBILITY = YES;
				SWIFT_VERSION = 5.0;
			};
			name = Release;
		};
		965EB4DC300680B800EA7BCB /* Debug configuration for PBXNativeTarget "P12903" */ = {
			isa = XCBuildConfiguration;
			buildSettings = {
				CODE_SIGN_STYLE = Automatic;
				CURRENT_PROJECT_VERSION = 1;
				DEVELOPMENT_TEAM = 6G4QV27Y5P;
				GENERATE_INFOPLIST_FILE = YES;
				MARKETING_VERSION = 1.0;
				PRODUCT_BUNDLE_IDENTIFIER = com.hosungkim.P12903;
				PRODUCT_NAME = "$(TARGET_NAME)";
				STRING_CATALOG_GENERATE_SYMBOLS = NO;
				SWIFT_APPROACHABLE_CONCURRENCY = YES;
				SWIFT_EMIT_LOC_STRINGS = NO;
				SWIFT_UPCOMING_FEATURE_MEMBER_IMPORT_VISIBILITY = YES;
				SWIFT_VERSION = 5.0;
			};
			name = Debug;
		};
		965EB4DD300680B800EA7BCB /* Release configuration for PBXNativeTarget "P12903" */ = {
			isa = XCBuildConfiguration;
			buildSettings = {
				CODE_SIGN_STYLE = Automatic;
				CURRENT_PROJECT_VERSION = 1;
				DEVELOPMENT_TEAM = 6G4QV27Y5P;
				GENERATE_INFOPLIST_FILE = YES;
				MARKETING_VERSION = 1.0;
				PRODUCT_BUNDLE_IDENTIFIER = com.hosungkim.P12903;
				PRODUCT_NAME = "$(TARGET_NAME)";
				STRING_CATALOG_GENERATE_SYMBOLS = NO;
				SWIFT_APPROACHABLE_CONCURRENCY = YES;
				SWIFT_EMIT_LOC_STRINGS = NO;
				SWIFT_UPCOMING_FEATURE_MEMBER_IMPORT_VISIBILITY = YES;
				SWIFT_VERSION = 5.0;
			};
			name = Release;
		};
		965EB4E730075B0D00EA7BCB /* Debug configuration for PBXNativeTarget "P12909" */ = {
			isa = XCBuildConfiguration;
			buildSettings = {
				CODE_SIGN_STYLE = Automatic;
				CURRENT_PROJECT_VERSION = 1;
				DEVELOPMENT_TEAM = 6G4QV27Y5P;
				GENERATE_INFOPLIST_FILE = YES;
				MARKETING_VERSION = 1.0;
				PRODUCT_BUNDLE_IDENTIFIER = com.hosungkim.P12909;
				PRODUCT_NAME = "$(TARGET_NAME)";
				STRING_CATALOG_GENERATE_SYMBOLS = NO;
				SWIFT_APPROACHABLE_CONCURRENCY = YES;
				SWIFT_EMIT_LOC_STRINGS = NO;
				SWIFT_UPCOMING_FEATURE_MEMBER_IMPORT_VISIBILITY = YES;
				SWIFT_VERSION = 5.0;
			};
			name = Debug;
		};
		965EB4E830075B0D00EA7BCB /* Release configuration for PBXNativeTarget "P12909" */ = {
			isa = XCBuildConfiguration;
			buildSettings = {
				CODE_SIGN_STYLE = Automatic;
				CURRENT_PROJECT_VERSION = 1;
				DEVELOPMENT_TEAM = 6G4QV27Y5P;
				GENERATE_INFOPLIST_FILE = YES;
				MARKETING_VERSION = 1.0;
				PRODUCT_BUNDLE_IDENTIFIER = com.hosungkim.P12909;
				PRODUCT_NAME = "$(TARGET_NAME)";
				STRING_CATALOG_GENERATE_SYMBOLS = NO;
				SWIFT_APPROACHABLE_CONCURRENCY = YES;
				SWIFT_EMIT_LOC_STRINGS = NO;
				SWIFT_UPCOMING_FEATURE_MEMBER_IMPORT_VISIBILITY = YES;
				SWIFT_VERSION = 5.0;
			};
			name = Release;
		};
		965EB4F73007675300EA7BCB /* Debug configuration for PBXNativeTarget "P468371" */ = {
			isa = XCBuildConfiguration;
			buildSettings = {
				CODE_SIGN_STYLE = Automatic;
				CURRENT_PROJECT_VERSION = 1;
				DEVELOPMENT_TEAM = 6G4QV27Y5P;
				GENERATE_INFOPLIST_FILE = YES;
				MARKETING_VERSION = 1.0;
				PRODUCT_BUNDLE_IDENTIFIER = com.hosungkim.P468371;
				PRODUCT_NAME = "$(TARGET_NAME)";
				STRING_CATALOG_GENERATE_SYMBOLS = NO;
				SWIFT_APPROACHABLE_CONCURRENCY = YES;
				SWIFT_EMIT_LOC_STRINGS = NO;
				SWIFT_UPCOMING_FEATURE_MEMBER_IMPORT_VISIBILITY = YES;
				SWIFT_VERSION = 5.0;
			};
			name = Debug;
		};
		965EB4F83007675300EA7BCB /* Release configuration for PBXNativeTarget "P468371" */ = {
			isa = XCBuildConfiguration;
			buildSettings = {
				CODE_SIGN_STYLE = Automatic;
				CURRENT_PROJECT_VERSION = 1;
				DEVELOPMENT_TEAM = 6G4QV27Y5P;
				GENERATE_INFOPLIST_FILE = YES;
				MARKETING_VERSION = 1.0;
				PRODUCT_BUNDLE_IDENTIFIER = com.hosungkim.P468371;
				PRODUCT_NAME = "$(TARGET_NAME)";
				STRING_CATALOG_GENERATE_SYMBOLS = NO;
				SWIFT_APPROACHABLE_CONCURRENCY = YES;
				SWIFT_EMIT_LOC_STRINGS = NO;
				SWIFT_UPCOMING_FEATURE_MEMBER_IMPORT_VISIBILITY = YES;
				SWIFT_VERSION = 5.0;
			};
			name = Release;
		};
		965EB5033008CE5200EA7BCB /* Debug configuration for PBXNativeTarget "P12940" */ = {
			isa = XCBuildConfiguration;
			buildSettings = {
				CODE_SIGN_STYLE = Automatic;
				CURRENT_PROJECT_VERSION = 1;
				DEVELOPMENT_TEAM = 6G4QV27Y5P;
				GENERATE_INFOPLIST_FILE = YES;
				MARKETING_VERSION = 1.0;
				PRODUCT_BUNDLE_IDENTIFIER = com.hosungkim.P12940;
				PRODUCT_NAME = "$(TARGET_NAME)";
				STRING_CATALOG_GENERATE_SYMBOLS = NO;
				SWIFT_APPROACHABLE_CONCURRENCY = YES;
				SWIFT_EMIT_LOC_STRINGS = NO;
				SWIFT_UPCOMING_FEATURE_MEMBER_IMPORT_VISIBILITY = YES;
				SWIFT_VERSION = 5.0;
			};
			name = Debug;
		};
		965EB5043008CE5200EA7BCB /* Release configuration for PBXNativeTarget "P12940" */ = {
			isa = XCBuildConfiguration;
			buildSettings = {
				CODE_SIGN_STYLE = Automatic;
				CURRENT_PROJECT_VERSION = 1;
				DEVELOPMENT_TEAM = 6G4QV27Y5P;
				GENERATE_INFOPLIST_FILE = YES;
				MARKETING_VERSION = 1.0;
				PRODUCT_BUNDLE_IDENTIFIER = com.hosungkim.P12940;
				PRODUCT_NAME = "$(TARGET_NAME)";
				STRING_CATALOG_GENERATE_SYMBOLS = NO;
				SWIFT_APPROACHABLE_CONCURRENCY = YES;
				SWIFT_EMIT_LOC_STRINGS = NO;
				SWIFT_UPCOMING_FEATURE_MEMBER_IMPORT_VISIBILITY = YES;
				SWIFT_VERSION = 5.0;
			};
			name = Release;
		};
/* End XCBuildConfiguration section */

/* Begin XCConfigurationList section */
		965EB4C43006808700EA7BCB /* Build configuration list for PBXProject "Programmers" */ = {
			isa = XCConfigurationList;
			buildConfigurations = (
				965EB4CE3006808700EA7BCB /* Debug configuration for PBXProject "Programmers" */,
				965EB4CF3006808700EA7BCB /* Release configuration for PBXProject "Programmers" */,
			);
			defaultConfigurationName = Release;
		};
		965EB4D03006808700EA7BCB /* Build configuration list for PBXNativeTarget "Programmers" */ = {
			isa = XCConfigurationList;
			buildConfigurations = (
				965EB4D13006808700EA7BCB /* Debug configuration for PBXNativeTarget "Programmers" */,
				965EB4D23006808700EA7BCB /* Release configuration for PBXNativeTarget "Programmers" */,
			);
			defaultConfigurationName = Release;
		};
		965EB4DB300680B800EA7BCB /* Build configuration list for PBXNativeTarget "P12903" */ = {
			isa = XCConfigurationList;
			buildConfigurations = (
				965EB4DC300680B800EA7BCB /* Debug configuration for PBXNativeTarget "P12903" */,
				965EB4DD300680B800EA7BCB /* Release configuration for PBXNativeTarget "P12903" */,
			);
			defaultConfigurationName = Release;
		};
		965EB4E630075B0D00EA7BCB /* Build configuration list for PBXNativeTarget "P12909" */ = {
			isa = XCConfigurationList;
			buildConfigurations = (
				965EB4E730075B0D00EA7BCB /* Debug configuration for PBXNativeTarget "P12909" */,
				965EB4E830075B0D00EA7BCB /* Release configuration for PBXNativeTarget "P12909" */,
			);
			defaultConfigurationName = Release;
		};
		965EB4F93007675300EA7BCB /* Build configuration list for PBXNativeTarget "P468371" */ = {
			isa = XCConfigurationList;
			buildConfigurations = (
				965EB4F73007675300EA7BCB /* Debug configuration for PBXNativeTarget "P468371" */,
				965EB4F83007675300EA7BCB /* Release configuration for PBXNativeTarget "P468371" */,
			);
			defaultConfigurationName = Release;
		};
		965EB5023008CE5200EA7BCB /* Build configuration list for PBXNativeTarget "P12940" */ = {
			isa = XCConfigurationList;
			buildConfigurations = (
				965EB5033008CE5200EA7BCB /* Debug configuration for PBXNativeTarget "P12940" */,
				965EB5043008CE5200EA7BCB /* Release configuration for PBXNativeTarget "P12940" */,
			);
			defaultConfigurationName = Release;
		};
/* End XCConfigurationList section */
	};
	rootObject = 965EB4C13006808700EA7BCB /* Project object */;
	validationLevel = 1;
}
